PODS:
  - Alamofire (5.1.0)
  - RushSDK (1.1.3):
    - Alamofire
    - RxCocoa
    - RxSwift
  - RxCocoa (5.1.1):
    - RxRelay (~> 5)
    - RxSwift (~> 5)
  - RxRelay (5.1.1):
    - RxSwift (~> 5)
  - RxSwift (5.1.1)

DEPENDENCIES:
  - RushSDK (from `.`)
  - RxCocoa
  - RxSwift

SPEC REPOS:
  https://github.com/CocoaPods/Specs.git:
    - Alamofire
  trunk:
    - RxCocoa
    - RxRelay
    - RxSwift

EXTERNAL SOURCES:
  RushSDK:
    :path: "."

SPEC CHECKSUMS:
  Alamofire: 9d5c5f602928e512395b30950c5984eca840093c
  RushSDK: d02c5081364dcc5fe2e8d162ced928f1ce579918
  RxCocoa: 32065309a38d29b5b0db858819b5bf9ef038b601
  RxRelay: d77f7d771495f43c556cbc43eebd1bb54d01e8e9
  RxSwift: 81470a2074fa8780320ea5fe4102807cb7118178

PODFILE CHECKSUM: b4cba9fcd36cf1a073c355582402d92ceee0f507

COCOAPODS: 1.10.0.rc.1
