PODS:
  - Alamofire (5.1.0)
  - RushSDK (1.1.4):
    - Alamofire
    - RxCocoa
    - RxSwift
    - SwiftyStoreKit
  - RxCocoa (5.1.1):
    - RxRelay (~> 5)
    - RxSwift (~> 5)
  - RxRelay (5.1.1):
    - RxSwift (~> 5)
  - RxSwift (5.1.1)
  - SwiftyStoreKit (0.15.0)

DEPENDENCIES:
  - Alamofire
  - RushSDK (from `.`)
  - RxCocoa
  - RxSwift
  - SwiftyStoreKit

SPEC REPOS:
  https://github.com/CocoaPods/Specs.git:
    - Alamofire
    - RxCocoa
    - RxRelay
    - RxSwift
    - SwiftyStoreKit

EXTERNAL SOURCES:
  RushSDK:
    :path: "."

SPEC CHECKSUMS:
  Alamofire: 9d5c5f602928e512395b30950c5984eca840093c
  RushSDK: d0461c6c9c0799abbb576c06934d5f08dd582a25
  RxCocoa: 32065309a38d29b5b0db858819b5bf9ef038b601
  RxRelay: d77f7d771495f43c556cbc43eebd1bb54d01e8e9
  RxSwift: 81470a2074fa8780320ea5fe4102807cb7118178
  SwiftyStoreKit: 033d06b6f87955405d3f844a18a7687c2438592a

PODFILE CHECKSUM: cc3614b87c4048a00d9eca511b25592c486f5533

COCOAPODS: 1.10.0.rc.1
